
Microsoft Visual Studio Solution File, Format Version 12.00
# Visual Studio Version 16
VisualStudioVersion = 16.0.31019.35
MinimumVisualStudioVersion = 10.0.40219.1
Project("{FAE04EC0-301F-11D3-BF4B-00C04F79EFBC}") = "ExceptionsExtensionsEvents", "ExceptionsExtensionsEvents.csproj", "{F44AD3C0-AD42-4E3D-A7C9-A17AE25114F9}"
EndProject
Global
	GlobalSection(SolutionConfigurationPlatforms) = preSolution
		Debug|Any CPU = Debug|Any CPU
		Release|Any CPU = Release|Any CPU
	EndGlobalSection
	GlobalSection(ProjectConfigurationPlatforms) = postSolution
		{F44AD3C0-AD42-4E3D-A7C9-A17AE25114F9}.Debug|Any CPU.ActiveCfg = Debug|Any CPU
		{F44AD3C0-AD42-4E3D-A7C9-A17AE25114F9}.Debug|Any CPU.Build.0 = Debug|Any CPU
		{F44AD3C0-AD42-4E3D-A7C9-A17AE25114F9}.Release|Any CPU.ActiveCfg = Release|Any CPU
		{F44AD3C0-AD42-4E3D-A7C9-A17AE25114F9}.Release|Any CPU.Build.0 = Release|Any CPU
	EndGlobalSection
	GlobalSection(SolutionProperties) = preSolution
		HideSolutionNode = FALSE
	EndGlobalSection
	GlobalSection(ExtensibilityGlobals) = postSolution
		SolutionGuid = {EB5DA97D-7A22-495B-B643-2C18F13C0BDE}
	EndGlobalSection
EndGlobal
